
Microsoft Visual Studio Solution File, Format Version 12.00
# Visual Studio Version 16
VisualStudioVersion = 16.0.29519.87
MinimumVisualStudioVersion = 10.0.40219.1
Project("{FAE04EC0-301F-11D3-BF4B-00C04F79EFBC}") = "AreaLibrary", "AreaLibrary\AreaLibrary.csproj", "{BB47C356-D7D2-40A9-BCA8-3525740EBD9C}"
EndProject
Project("{FAE04EC0-301F-11D3-BF4B-00C04F79EFBC}") = "AreaLibraryTest", "AreaLibraryTest\AreaLibraryTest.csproj", "{DFA1D4C8-304A-4AEA-BBA8-0777CE56D460}"
EndProject
Global
	GlobalSection(SolutionConfigurationPlatforms) = preSolution
		Debug|Any CPU = Debug|Any CPU
		Release|Any CPU = Release|Any CPU
	EndGlobalSection
	GlobalSection(ProjectConfigurationPlatforms) = postSolution
		{BB47C356-D7D2-40A9-BCA8-3525740EBD9C}.Debug|Any CPU.ActiveCfg = Debug|Any CPU
		{BB47C356-D7D2-40A9-BCA8-3525740EBD9C}.Debug|Any CPU.Build.0 = Debug|Any CPU
		{BB47C356-D7D2-40A9-BCA8-3525740EBD9C}.Release|Any CPU.ActiveCfg = Release|Any CPU
		{BB47C356-D7D2-40A9-BCA8-3525740EBD9C}.Release|Any CPU.Build.0 = Release|Any CPU
		{DFA1D4C8-304A-4AEA-BBA8-0777CE56D460}.Debug|Any CPU.ActiveCfg = Debug|Any CPU
		{DFA1D4C8-304A-4AEA-BBA8-0777CE56D460}.Debug|Any CPU.Build.0 = Debug|Any CPU
		{DFA1D4C8-304A-4AEA-BBA8-0777CE56D460}.Release|Any CPU.ActiveCfg = Release|Any CPU
		{DFA1D4C8-304A-4AEA-BBA8-0777CE56D460}.Release|Any CPU.Build.0 = Release|Any CPU
	EndGlobalSection
	GlobalSection(SolutionProperties) = preSolution
		HideSolutionNode = FALSE
	EndGlobalSection
	GlobalSection(ExtensibilityGlobals) = postSolution
		SolutionGuid = {D75C9F8A-9EA5-4496-BBE2-4C22F916BFB9}
	EndGlobalSection
EndGlobal
